
Microsoft Visual Studio Solution File, Format Version 12.00
# Visual Studio Version 16
VisualStudioVersion = 16.0.33027.164
MinimumVisualStudioVersion = 10.0.40219.1
Project("{FAE04EC0-301F-11D3-BF4B-00C04F79EFBC}") = "ServerApp", "ServerApp\ServerApp.csproj", "{689DE970-8DFD-4B20-95DD-18EEBB005529}"
EndProject
Global
	GlobalSection(SolutionConfigurationPlatforms) = preSolution
		Debug|Any CPU = Debug|Any CPU
		Release|Any CPU = Release|Any CPU
	EndGlobalSection
	GlobalSection(ProjectConfigurationPlatforms) = postSolution
		{689DE970-8DFD-4B20-95DD-18EEBB005529}.Debug|Any CPU.ActiveCfg = Debug|Any CPU
		{689DE970-8DFD-4B20-95DD-18EEBB005529}.Debug|Any CPU.Build.0 = Debug|Any CPU
		{689DE970-8DFD-4B20-95DD-18EEBB005529}.Release|Any CPU.ActiveCfg = Release|Any CPU
		{689DE970-8DFD-4B20-95DD-18EEBB005529}.Release|Any CPU.Build.0 = Release|Any CPU
	EndGlobalSection
	GlobalSection(SolutionProperties) = preSolution
		HideSolutionNode = FALSE
	EndGlobalSection
	GlobalSection(ExtensibilityGlobals) = postSolution
		SolutionGuid = {D446ABD1-0B0C-4459-98C9-AFA38920DD2C}
	EndGlobalSection
EndGlobal
